
Microsoft Visual Studio Solution File, Format Version 12.00
# Visual Studio Version 16
VisualStudioVersion = 16.0.29411.108
MinimumVisualStudioVersion = 10.0.40219.1
Project("{FAE04EC0-301F-11D3-BF4B-00C04F79EFBC}") = "UITestProject", "UITestProject.csproj", "{350D3342-608A-42D7-828D-7E2ACB4E99E7}"
EndProject
Project("{FAE04EC0-301F-11D3-BF4B-00C04F79EFBC}") = "ComponentLibrary", "..\ComponentLibrary\ComponentLibrary.csproj", "{A240A772-403E-4A74-A9A9-C09246796719}"
EndProject
Global
	GlobalSection(SolutionConfigurationPlatforms) = preSolution
		Debug|Any CPU = Debug|Any CPU
		Release|Any CPU = Release|Any CPU
	EndGlobalSection
	GlobalSection(ProjectConfigurationPlatforms) = postSolution
		{350D3342-608A-42D7-828D-7E2ACB4E99E7}.Debug|Any CPU.ActiveCfg = Debug|Any CPU
		{350D3342-608A-42D7-828D-7E2ACB4E99E7}.Debug|Any CPU.Build.0 = Debug|Any CPU
		{350D3342-608A-42D7-828D-7E2ACB4E99E7}.Release|Any CPU.ActiveCfg = Release|Any CPU
		{350D3342-608A-42D7-828D-7E2ACB4E99E7}.Release|Any CPU.Build.0 = Release|Any CPU
		{A240A772-403E-4A74-A9A9-C09246796719}.Debug|Any CPU.ActiveCfg = Debug|Any CPU
		{A240A772-403E-4A74-A9A9-C09246796719}.Debug|Any CPU.Build.0 = Debug|Any CPU
		{A240A772-403E-4A74-A9A9-C09246796719}.Release|Any CPU.ActiveCfg = Release|Any CPU
		{A240A772-403E-4A74-A9A9-C09246796719}.Release|Any CPU.Build.0 = Release|Any CPU
	EndGlobalSection
	GlobalSection(SolutionProperties) = preSolution
		HideSolutionNode = FALSE
	EndGlobalSection
	GlobalSection(ExtensibilityGlobals) = postSolution
		SolutionGuid = {DFF9CF78-69FA-418D-9477-161D731A4464}
	EndGlobalSection
EndGlobal
